
Microsoft Visual Studio Solution File, Format Version 12.00
# Visual Studio Version 17
VisualStudioVersion = 17.0.31903.59
MinimumVisualStudioVersion = 10.0.40219.1
Project("{2150E333-8FDC-42A3-9474-1A3956D46DE8}") = "src", "src", "{827E0CD3-B72D-47B6-A68D-7590B98EB39B}"
EndProject
Project("{FAE04EC0-301F-11D3-BF4B-00C04F79EFBC}") = "Samt.Core", "src\Samt.Core\Samt.Core.csproj", "{686954FC-70A1-4025-899D-F69DBCCAB73A}"
EndProject
Project("{2150E333-8FDC-42A3-9474-1A3956D46DE8}") = "tests", "tests", "{0AB3BF05-4346-4AA6-1389-037BE0695223}"
EndProject
Project("{FAE04EC0-301F-11D3-BF4B-00C04F79EFBC}") = "Samt.Core.Tests", "tests\Samt.Core.Tests\Samt.Core.Tests.csproj", "{12D007C6-3DDD-43D9-AA7D-1D2134BF63BC}"
EndProject
Project("{FAE04EC0-301F-11D3-BF4B-00C04F79EFBC}") = "Samt.App", "src\Samt.App\Samt.App.csproj", "{6B161C5B-8E87-43F4-A682-56E013091D8B}"
EndProject
Global
	GlobalSection(SolutionConfigurationPlatforms) = preSolution
		Debug|Any CPU = Debug|Any CPU
		Debug|x64 = Debug|x64
		Debug|x86 = Debug|x86
		Release|Any CPU = Release|Any CPU
		Release|x64 = Release|x64
		Release|x86 = Release|x86
	EndGlobalSection
	GlobalSection(ProjectConfigurationPlatforms) = postSolution
		{686954FC-70A1-4025-899D-F69DBCCAB73A}.Debug|Any CPU.ActiveCfg = Debug|Any CPU
		{686954FC-70A1-4025-899D-F69DBCCAB73A}.Debug|Any CPU.Build.0 = Debug|Any CPU
		{686954FC-70A1-4025-899D-F69DBCCAB73A}.Debug|x64.ActiveCfg = Debug|Any CPU
		{686954FC-70A1-4025-899D-F69DBCCAB73A}.Debug|x64.Build.0 = Debug|Any CPU
		{686954FC-70A1-4025-899D-F69DBCCAB73A}.Debug|x86.ActiveCfg = Debug|Any CPU
		{686954FC-70A1-4025-899D-F69DBCCAB73A}.Debug|x86.Build.0 = Debug|Any CPU
		{686954FC-70A1-4025-899D-F69DBCCAB73A}.Release|Any CPU.ActiveCfg = Release|Any CPU
		{686954FC-70A1-4025-899D-F69DBCCAB73A}.Release|Any CPU.Build.0 = Release|Any CPU
		{686954FC-70A1-4025-899D-F69DBCCAB73A}.Release|x64.ActiveCfg = Release|Any CPU
		{686954FC-70A1-4025-899D-F69DBCCAB73A}.Release|x64.Build.0 = Release|Any CPU
		{686954FC-70A1-4025-899D-F69DBCCAB73A}.Release|x86.ActiveCfg = Release|Any CPU
		{686954FC-70A1-4025-899D-F69DBCCAB73A}.Release|x86.Build.0 = Release|Any CPU
		{12D007C6-3DDD-43D9-AA7D-1D2134BF63BC}.Debug|Any CPU.ActiveCfg = Debug|Any CPU
		{12D007C6-3DDD-43D9-AA7D-1D2134BF63BC}.Debug|Any CPU.Build.0 = Debug|Any CPU
		{12D007C6-3DDD-43D9-AA7D-1D2134BF63BC}.Debug|x64.ActiveCfg = Debug|Any CPU
		{12D007C6-3DDD-43D9-AA7D-1D2134BF63BC}.Debug|x64.Build.0 = Debug|Any CPU
		{12D007C6-3DDD-43D9-AA7D-1D2134BF63BC}.Debug|x86.ActiveCfg = Debug|Any CPU
		{12D007C6-3DDD-43D9-AA7D-1D2134BF63BC}.Debug|x86.Build.0 = Debug|Any CPU
		{12D007C6-3DDD-43D9-AA7D-1D2134BF63BC}.Release|Any CPU.ActiveCfg = Release|Any CPU
		{12D007C6-3DDD-43D9-AA7D-1D2134BF63BC}.Release|Any CPU.Build.0 = Release|Any CPU
		{12D007C6-3DDD-43D9-AA7D-1D2134BF63BC}.Release|x64.ActiveCfg = Release|Any CPU
		{12D007C6-3DDD-43D9-AA7D-1D2134BF63BC}.Release|x64.Build.0 = Release|Any CPU
		{12D007C6-3DDD-43D9-AA7D-1D2134BF63BC}.Release|x86.ActiveCfg = Release|Any CPU
		{12D007C6-3DDD-43D9-AA7D-1D2134BF63BC}.Release|x86.Build.0 = Release|Any CPU
		{6B161C5B-8E87-43F4-A682-56E013091D8B}.Debug|Any CPU.ActiveCfg = Debug|x86
		{6B161C5B-8E87-43F4-A682-56E013091D8B}.Debug|Any CPU.Build.0 = Debug|x86
		{6B161C5B-8E87-43F4-A682-56E013091D8B}.Debug|x64.ActiveCfg = Debug|x64
		{6B161C5B-8E87-43F4-A682-56E013091D8B}.Debug|x64.Build.0 = Debug|x64
		{6B161C5B-8E87-43F4-A682-56E013091D8B}.Debug|x86.ActiveCfg = Debug|x86
		{6B161C5B-8E87-43F4-A682-56E013091D8B}.Debug|x86.Build.0 = Debug|x86
		{6B161C5B-8E87-43F4-A682-56E013091D8B}.Release|Any CPU.ActiveCfg = Release|x86
		{6B161C5B-8E87-43F4-A682-56E013091D8B}.Release|Any CPU.Build.0 = Release|x86
		{6B161C5B-8E87-43F4-A682-56E013091D8B}.Release|x64.ActiveCfg = Release|x64
		{6B161C5B-8E87-43F4-A682-56E013091D8B}.Release|x64.Build.0 = Release|x64
		{6B161C5B-8E87-43F4-A682-56E013091D8B}.Release|x86.ActiveCfg = Release|x86
		{6B161C5B-8E87-43F4-A682-56E013091D8B}.Release|x86.Build.0 = Release|x86
	EndGlobalSection
	GlobalSection(SolutionProperties) = preSolution
		HideSolutionNode = FALSE
	EndGlobalSection
	GlobalSection(NestedProjects) = preSolution
		{686954FC-70A1-4025-899D-F69DBCCAB73A} = {827E0CD3-B72D-47B6-A68D-7590B98EB39B}
		{12D007C6-3DDD-43D9-AA7D-1D2134BF63BC} = {0AB3BF05-4346-4AA6-1389-037BE0695223}
		{6B161C5B-8E87-43F4-A682-56E013091D8B} = {827E0CD3-B72D-47B6-A68D-7590B98EB39B}
	EndGlobalSection
EndGlobal
